// !$*UTF8*$!
{
	archiveVersion = 1;
	classes = {
	};
	objectVersion = 54;
	objects = {

/* Begin PBXBuildFile section */
		1DBE779B1C17A7277A77A4DE /* TranslationViewModelTests.swift in Sources */ = {isa = PBXBuildFile; fileRef = 8CDDA35058A144C64BA69650 /* TranslationViewModelTests.swift */; };
		374BAB2CE5B82212F5AF7837 /* WhisperKit in Frameworks */ = {isa = PBXBuildFile; productRef = 45D750F02BE787EC0C81034A /* WhisperKit */; };
		3F3F5A5489B490474E52AC53 /* ContentView.swift in Sources */ = {isa = PBXBuildFile; fileRef = 7C97ADA7DAC4E1466513B973 /* ContentView.swift */; };
		4F16B9932EAC047FF53F8337 /* TranslatorAttributes.swift in Sources */ = {isa = PBXBuildFile; fileRef = 53F39275F114FD943B429DAD /* TranslatorAttributes.swift */; };
		58D13F0C39CF3A47ABD98BF0 /* LiveActivityManager.swift in Sources */ = {isa = PBXBuildFile; fileRef = 3378C4593B217D5EF60C0F9A /* LiveActivityManager.swift */; };
		79F0A0F803E4D0C1CA208EDC /* TranslatorWidgetLiveActivity.swift in Sources */ = {isa = PBXBuildFile; fileRef = E4706A826C3C10CC1599E65D /* TranslatorWidgetLiveActivity.swift */; };
		8F172B706B7EFA9EC7E9E2F6 /* TranslationViewModel.swift in Sources */ = {isa = PBXBuildFile; fileRef = E8AE220CCDCFE588B24CA444 /* TranslationViewModel.swift */; };
		AF74E03DFDF9EF660EA0BFB9 /* TranslatorAttributes.swift in Sources */ = {isa = PBXBuildFile; fileRef = 53F39275F114FD943B429DAD /* TranslatorAttributes.swift */; };
		B8BA80F6AB7547D18FE8A52E /* AudioUtils.swift in Sources */ = {isa = PBXBuildFile; fileRef = BDA17082A2B7147FC2FD61C8 /* AudioUtils.swift */; };
		BA788F16C18FD753E84607E3 /* WhisperModels in Resources */ = {isa = PBXBuildFile; fileRef = D4536C2F147628F434AA9D95 /* WhisperModels */; };
/* End PBXBuildFile section */

/* Begin PBXContainerItemProxy section */
		E01FC1B72A6D779536EEC47A /* PBXContainerItemProxy */ = {
			isa = PBXContainerItemProxy;
			containerPortal = E49A51EE66A4ABA6AA7603AB /* Project object */;
			proxyType = 1;
			remoteGlobalIDString = 3303B331996E147235D01667;
			remoteInfo = TranslatorApp;
		};
/* End PBXContainerItemProxy section */

/* Begin PBXFileReference section */
		3378C4593B217D5EF60C0F9A /* LiveActivityManager.swift */ = {isa = PBXFileReference; lastKnownFileType = sourcecode.swift; path = LiveActivityManager.swift; sourceTree = "<group>"; };
		36A74092316E34A2963DD48A /* TranslatorApp.app */ = {isa = PBXFileReference; includeInIndex = 0; lastKnownFileType = wrapper.application; path = TranslatorApp.app; sourceTree = BUILT_PRODUCTS_DIR; };
		53F39275F114FD943B429DAD /* TranslatorAttributes.swift */ = {isa = PBXFileReference; lastKnownFileType = sourcecode.swift; path = TranslatorAttributes.swift; sourceTree = "<group>"; };
		7C97ADA7DAC4E1466513B973 /* ContentView.swift */ = {isa = PBXFileReference; lastKnownFileType = sourcecode.swift; path = ContentView.swift; sourceTree = "<group>"; };
		8AB4F6A1021E539BCE5696AB /* Info.plist */ = {isa = PBXFileReference; lastKnownFileType = text.plist; path = Info.plist; sourceTree = "<group>"; };
		8B0E5B7A4843D3FB6F12E826 /* TranslatorAppTests.xctest */ = {isa = PBXFileReference; includeInIndex = 0; lastKnownFileType = wrapper.cfbundle; path = TranslatorAppTests.xctest; sourceTree = BUILT_PRODUCTS_DIR; };
		8CDDA35058A144C64BA69650 /* TranslationViewModelTests.swift */ = {isa = PBXFileReference; lastKnownFileType = sourcecode.swift; path = TranslationViewModelTests.swift; sourceTree = "<group>"; };
		A2B2641020B4CE3C6ABC1920 /* TranslatorWidget.appex */ = {isa = PBXFileReference; includeInIndex = 0; lastKnownFileType = "wrapper.app-extension"; path = TranslatorWidget.appex; sourceTree = BUILT_PRODUCTS_DIR; };
		BDA17082A2B7147FC2FD61C8 /* AudioUtils.swift */ = {isa = PBXFileReference; lastKnownFileType = sourcecode.swift; path = AudioUtils.swift; sourceTree = "<group>"; };
		D4536C2F147628F434AA9D95 /* WhisperModels */ = {isa = PBXFileReference; lastKnownFileType = folder; path = WhisperModels; sourceTree = SOURCE_ROOT; };
		E4706A826C3C10CC1599E65D /* TranslatorWidgetLiveActivity.swift */ = {isa = PBXFileReference; lastKnownFileType = sourcecode.swift; path = TranslatorWidgetLiveActivity.swift; sourceTree = "<group>"; };
		E8AE220CCDCFE588B24CA444 /* TranslationViewModel.swift */ = {isa = PBXFileReference; lastKnownFileType = sourcecode.swift; path = TranslationViewModel.swift; sourceTree = "<group>"; };
		EC36DBF4B341FD4C6172ACFC /* Info.plist */ = {isa = PBXFileReference; lastKnownFileType = text.plist; path = Info.plist; sourceTree = "<group>"; };
/* End PBXFileReference section */

/* Begin PBXFrameworksBuildPhase section */
		ACEAB8C377DC904B764D9772 /* Frameworks */ = {
			isa = PBXFrameworksBuildPhase;
			buildActionMask = 2147483647;
			files = (
				374BAB2CE5B82212F5AF7837 /* WhisperKit in Frameworks */,
			);
			runOnlyForDeploymentPostprocessing = 0;
		};
/* End PBXFrameworksBuildPhase section */

/* Begin PBXGroup section */
		2C60F07B78A07DAE2FB66B9E /* Products */ = {
			isa = PBXGroup;
			children = (
				36A74092316E34A2963DD48A /* TranslatorApp.app */,
				8B0E5B7A4843D3FB6F12E826 /* TranslatorAppTests.xctest */,
				A2B2641020B4CE3C6ABC1920 /* TranslatorWidget.appex */,
			);
			name = Products;
			sourceTree = "<group>";
		};
		50D155D724C50BC74032F19B /* TranslatorWidget */ = {
			isa = PBXGroup;
			children = (
				EC36DBF4B341FD4C6172ACFC /* Info.plist */,
				E4706A826C3C10CC1599E65D /* TranslatorWidgetLiveActivity.swift */,
			);
			path = TranslatorWidget;
			sourceTree = "<group>";
		};
		A240C46C1AF6EAD2DE093ABC /* Sources */ = {
			isa = PBXGroup;
			children = (
				BDA17082A2B7147FC2FD61C8 /* AudioUtils.swift */,
				7C97ADA7DAC4E1466513B973 /* ContentView.swift */,
				3378C4593B217D5EF60C0F9A /* LiveActivityManager.swift */,
				E8AE220CCDCFE588B24CA444 /* TranslationViewModel.swift */,
				53F39275F114FD943B429DAD /* TranslatorAttributes.swift */,
			);
			name = Sources;
			path = TranslatorApp/Sources;
			sourceTree = "<group>";
		};
		B829639573CA58C791CF5C8E /* Tests */ = {
			isa = PBXGroup;
			children = (
				8CDDA35058A144C64BA69650 /* TranslationViewModelTests.swift */,
			);
			name = Tests;
			path = TranslatorApp/Tests;
			sourceTree = "<group>";
		};
		D96B4CE58EDDE2D2A62D6E07 = {
			isa = PBXGroup;
			children = (
				D4536C2F147628F434AA9D95 /* WhisperModels */,
				FD9AFEF870C543BC97F18CD4 /* Resources */,
				A240C46C1AF6EAD2DE093ABC /* Sources */,
				B829639573CA58C791CF5C8E /* Tests */,
				50D155D724C50BC74032F19B /* TranslatorWidget */,
				2C60F07B78A07DAE2FB66B9E /* Products */,
			);
			sourceTree = "<group>";
		};
		FD9AFEF870C543BC97F18CD4 /* Resources */ = {
			isa = PBXGroup;
			children = (
				8AB4F6A1021E539BCE5696AB /* Info.plist */,
			);
			name = Resources;
			path = TranslatorApp/Resources;
			sourceTree = "<group>";
		};
/* End PBXGroup section */

/* Begin PBXNativeTarget section */
		10E81B46F3F949540367FDD7 /* TranslatorWidget */ = {
			isa = PBXNativeTarget;
			buildConfigurationList = 65991C632D101B03F5C76D69 /* Build configuration list for PBXNativeTarget "TranslatorWidget" */;
			buildPhases = (
				6C37EC35DB41A055BE6FF3E5 /* Sources */,
			);
			buildRules = (
			);
			dependencies = (
			);
			name = TranslatorWidget;
			packageProductDependencies = (
			);
			productName = TranslatorWidget;
			productReference = A2B2641020B4CE3C6ABC1920 /* TranslatorWidget.appex */;
			productType = "com.apple.product-type.app-extension";
		};
		3303B331996E147235D01667 /* TranslatorApp */ = {
			isa = PBXNativeTarget;
			buildConfigurationList = 6585F4733F32BC74485CBD49 /* Build configuration list for PBXNativeTarget "TranslatorApp" */;
			buildPhases = (
				3A221DCB24E643FE3920C4AB /* Sources */,
				8C019CA32A62920A88DEA179 /* Resources */,
				ACEAB8C377DC904B764D9772 /* Frameworks */,
			);
			buildRules = (
			);
			dependencies = (
			);
			name = TranslatorApp;
			packageProductDependencies = (
				45D750F02BE787EC0C81034A /* WhisperKit */,
			);
			productName = TranslatorApp;
			productReference = 36A74092316E34A2963DD48A /* TranslatorApp.app */;
			productType = "com.apple.product-type.application";
		};
		3EECF5656F03B0ADEBBF043D /* TranslatorAppTests */ = {
			isa = PBXNativeTarget;
			buildConfigurationList = 30D7BC3BE2A7B34F81C1BB1D /* Build configuration list for PBXNativeTarget "TranslatorAppTests" */;
			buildPhases = (
				A16D7E756EC8A6B35959BDD0 /* Sources */,
			);
			buildRules = (
			);
			dependencies = (
				131F4356897A19E93CB16E42 /* PBXTargetDependency */,
			);
			name = TranslatorAppTests;
			packageProductDependencies = (
			);
			productName = TranslatorAppTests;
			productReference = 8B0E5B7A4843D3FB6F12E826 /* TranslatorAppTests.xctest */;
			productType = "com.apple.product-type.bundle.unit-test";
		};
/* End PBXNativeTarget section */

/* Begin PBXProject section */
		E49A51EE66A4ABA6AA7603AB /* Project object */ = {
			isa = PBXProject;
			attributes = {
				BuildIndependentTargetsInParallel = YES;
				LastUpgradeCheck = 1500;
				TargetAttributes = {
					10E81B46F3F949540367FDD7 = {
						ProvisioningStyle = Automatic;
					};
					3303B331996E147235D01667 = {
						ProvisioningStyle = Automatic;
					};
					3EECF5656F03B0ADEBBF043D = {
						ProvisioningStyle = Automatic;
					};
				};
			};
			buildConfigurationList = 656D2FAE025AE16CB7958C61 /* Build configuration list for PBXProject "TranslatorApp" */;
			compatibilityVersion = "Xcode 14.0";
			developmentRegion = en;
			hasScannedForEncodings = 0;
			knownRegions = (
				Base,
				en,
			);
			mainGroup = D96B4CE58EDDE2D2A62D6E07;
			minimizedProjectReferenceProxies = 1;
			packageReferences = (
				7C836180613EA8A688E2E9F7 /* XCRemoteSwiftPackageReference "WhisperKit" */,
			);
			preferredProjectObjectVersion = 54;
			projectDirPath = "";
			projectRoot = "";
			targets = (
				3303B331996E147235D01667 /* TranslatorApp */,
				3EECF5656F03B0ADEBBF043D /* TranslatorAppTests */,
				10E81B46F3F949540367FDD7 /* TranslatorWidget */,
			);
		};
/* End PBXProject section */

/* Begin PBXResourcesBuildPhase section */
		8C019CA32A62920A88DEA179 /* Resources */ = {
			isa = PBXResourcesBuildPhase;
			buildActionMask = 2147483647;
			files = (
				BA788F16C18FD753E84607E3 /* WhisperModels in Resources */,
			);
			runOnlyForDeploymentPostprocessing = 0;
		};
/* End PBXResourcesBuildPhase section */

/* Begin PBXSourcesBuildPhase section */
		3A221DCB24E643FE3920C4AB /* Sources */ = {
			isa = PBXSourcesBuildPhase;
			buildActionMask = 2147483647;
			files = (
				B8BA80F6AB7547D18FE8A52E /* AudioUtils.swift in Sources */,
				3F3F5A5489B490474E52AC53 /* ContentView.swift in Sources */,
				58D13F0C39CF3A47ABD98BF0 /* LiveActivityManager.swift in Sources */,
				8F172B706B7EFA9EC7E9E2F6 /* TranslationViewModel.swift in Sources */,
				4F16B9932EAC047FF53F8337 /* TranslatorAttributes.swift in Sources */,
			);
			runOnlyForDeploymentPostprocessing = 0;
		};
		6C37EC35DB41A055BE6FF3E5 /* Sources */ = {
			isa = PBXSourcesBuildPhase;
			buildActionMask = 2147483647;
			files = (
				AF74E03DFDF9EF660EA0BFB9 /* TranslatorAttributes.swift in Sources */,
				79F0A0F803E4D0C1CA208EDC /* TranslatorWidgetLiveActivity.swift in Sources */,
			);
			runOnlyForDeploymentPostprocessing = 0;
		};
		A16D7E756EC8A6B35959BDD0 /* Sources */ = {
			isa = PBXSourcesBuildPhase;
			buildActionMask = 2147483647;
			files = (
				1DBE779B1C17A7277A77A4DE /* TranslationViewModelTests.swift in Sources */,
			);
			runOnlyForDeploymentPostprocessing = 0;
		};
/* End PBXSourcesBuildPhase section */

/* Begin PBXTargetDependency section */
		131F4356897A19E93CB16E42 /* PBXTargetDependency */ = {
			isa = PBXTargetDependency;
			target = 3303B331996E147235D01667 /* TranslatorApp */;
			targetProxy = E01FC1B72A6D779536EEC47A /* PBXContainerItemProxy */;
		};
/* End PBXTargetDependency section */

/* Begin XCBuildConfiguration section */
		344833AA9A17EB0C611038A2 /* Release */ = {
			isa = XCBuildConfiguration;
			buildSettings = {
				CURRENT_PROJECT_VERSION = 1;
				INFOPLIST_FILE = TranslatorWidget/Info.plist;
				LD_RUNPATH_SEARCH_PATHS = (
					"$(inherited)",
					"@executable_path/Frameworks",
					"@executable_path/../../Frameworks",
				);
				MARKETING_VERSION = 0.0.3;
				PRODUCT_BUNDLE_IDENTIFIER = com.translator.app.widget;
				SDKROOT = iphoneos;
				SWIFT_VERSION = 5.9;
				TARGETED_DEVICE_FAMILY = "1,2";
			};
			name = Release;
		};
		34CDAF4E5B2D8511A07CD9B5 /* Release */ = {
			isa = XCBuildConfiguration;
			buildSettings = {
				ALWAYS_SEARCH_USER_PATHS = NO;
				CLANG_ANALYZER_NONNULL = YES;
				CLANG_ANALYZER_NUMBER_OBJECT_CONVERSION = YES_AGGRESSIVE;
				CLANG_CXX_LANGUAGE_STANDARD = "gnu++14";
				CLANG_CXX_LIBRARY = "libc++";
				CLANG_ENABLE_MODULES = YES;
				CLANG_ENABLE_OBJC_ARC = YES;
				CLANG_ENABLE_OBJC_WEAK = YES;
				CLANG_WARN_BLOCK_CAPTURE_AUTORELEASING = YES;
				CLANG_WARN_BOOL_CONVERSION = YES;
				CLANG_WARN_COMMA = YES;
				CLANG_WARN_CONSTANT_CONVERSION = YES;
				CLANG_WARN_DEPRECATED_OBJC_IMPLEMENTATIONS = YES;
				CLANG_WARN_DIRECT_OBJC_ISA_USAGE = YES_ERROR;
				CLANG_WARN_DOCUMENTATION_COMMENTS = YES;
				CLANG_WARN_EMPTY_BODY = YES;
				CLANG_WARN_ENUM_CONVERSION = YES;
				CLANG_WARN_INFINITE_RECURSION = YES;
				CLANG_WARN_INT_CONVERSION = YES;
				CLANG_WARN_NON_LITERAL_NULL_CONVERSION = YES;
				CLANG_WARN_OBJC_IMPLICIT_RETAIN_SELF = YES;
				CLANG_WARN_OBJC_LITERAL_CONVERSION = YES;
				CLANG_WARN_OBJC_ROOT_CLASS = YES_ERROR;
				CLANG_WARN_QUOTED_INCLUDE_IN_FRAMEWORK_HEADER = YES;
				CLANG_WARN_RANGE_LOOP_ANALYSIS = YES;
				CLANG_WARN_STRICT_PROTOTYPES = YES;
				CLANG_WARN_SUSPICIOUS_MOVE = YES;
				CLANG_WARN_UNGUARDED_AVAILABILITY = YES_AGGRESSIVE;
				CLANG_WARN_UNREACHABLE_CODE = YES;
				CLANG_WARN__DUPLICATE_METHOD_MATCH = YES;
				CODE_SIGN_STYLE = Automatic;
				COPY_PHASE_STRIP = NO;
				DEBUG_INFORMATION_FORMAT = "dwarf-with-dsym";
				DEVELOPER_TEAM = "";
				ENABLE_NS_ASSERTIONS = NO;
				ENABLE_STRICT_OBJC_MSGSEND = YES;
				ENABLE_USER_SCRIPT_SANDBOXING = NO;
				GCC_C_LANGUAGE_STANDARD = gnu11;
				GCC_NO_COMMON_BLOCKS = YES;
				GCC_WARN_64_TO_32_BIT_CONVERSION = YES;
				GCC_WARN_ABOUT_RETURN_TYPE = YES_ERROR;
				GCC_WARN_UNDECLARED_SELECTOR = YES;
				GCC_WARN_UNINITIALIZED_AUTOS = YES_AGGRESSIVE;
				GCC_WARN_UNUSED_FUNCTION = YES;
				GCC_WARN_UNUSED_VARIABLE = YES;
				IPHONEOS_DEPLOYMENT_TARGET = 18.0;
				MTL_ENABLE_DEBUG_INFO = NO;
				MTL_FAST_MATH = YES;
				PRODUCT_NAME = "$(TARGET_NAME)";
				SDKROOT = iphoneos;
				SWIFT_COMPILATION_MODE = wholemodule;
				SWIFT_OPTIMIZATION_LEVEL = "-O";
				SWIFT_VERSION = 5.9;
				TARGETED_DEVICE_FAMILY = 1;
			};
			name = Release;
		};
		5A89B9C2249A467801F72A75 /* Debug */ = {
			isa = XCBuildConfiguration;
			buildSettings = {
				CURRENT_PROJECT_VERSION = 1;
				INFOPLIST_FILE = TranslatorWidget/Info.plist;
				LD_RUNPATH_SEARCH_PATHS = (
					"$(inherited)",
					"@executable_path/Frameworks",
					"@executable_path/../../Frameworks",
				);
				MARKETING_VERSION = 0.0.3;
				PRODUCT_BUNDLE_IDENTIFIER = com.translator.app.widget;
				SDKROOT = iphoneos;
				SWIFT_VERSION = 5.9;
				TARGETED_DEVICE_FAMILY = "1,2";
			};
			name = Debug;
		};
		B07C942E0F483554DEF675AC /* Debug */ = {
			isa = XCBuildConfiguration;
			buildSettings = {
				ASSETCATALOG_COMPILER_APPICON_NAME = AppIcon;
				CODE_SIGN_IDENTITY = "iPhone Developer";
				CURRENT_PROJECT_VERSION = 1;
				INFOPLIST_FILE = TranslatorApp/Resources/Info.plist;
				LD_RUNPATH_SEARCH_PATHS = (
					"$(inherited)",
					"@executable_path/Frameworks",
				);
				MARKETING_VERSION = 0.0.3;
				PRODUCT_BUNDLE_IDENTIFIER = com.translator.app;
				SDKROOT = iphoneos;
				TARGETED_DEVICE_FAMILY = "1,2";
			};
			name = Debug;
		};
		B5EA4E33D30E8C30BC1A4F4C /* Release */ = {
			isa = XCBuildConfiguration;
			buildSettings = {
				ASSETCATALOG_COMPILER_APPICON_NAME = AppIcon;
				CODE_SIGN_IDENTITY = "iPhone Developer";
				CURRENT_PROJECT_VERSION = 1;
				INFOPLIST_FILE = TranslatorApp/Resources/Info.plist;
				LD_RUNPATH_SEARCH_PATHS = (
					"$(inherited)",
					"@executable_path/Frameworks",
				);
				MARKETING_VERSION = 0.0.3;
				PRODUCT_BUNDLE_IDENTIFIER = com.translator.app;
				SDKROOT = iphoneos;
				TARGETED_DEVICE_FAMILY = "1,2";
			};
			name = Release;
		};
		C726C4FC679A244F0643AF64 /* Debug */ = {
			isa = XCBuildConfiguration;
			buildSettings = {
				ALWAYS_SEARCH_USER_PATHS = NO;
				CLANG_ANALYZER_NONNULL = YES;
				CLANG_ANALYZER_NUMBER_OBJECT_CONVERSION = YES_AGGRESSIVE;
				CLANG_CXX_LANGUAGE_STANDARD = "gnu++14";
				CLANG_CXX_LIBRARY = "libc++";
				CLANG_ENABLE_MODULES = YES;
				CLANG_ENABLE_OBJC_ARC = YES;
				CLANG_ENABLE_OBJC_WEAK = YES;
				CLANG_WARN_BLOCK_CAPTURE_AUTORELEASING = YES;
				CLANG_WARN_BOOL_CONVERSION = YES;
				CLANG_WARN_COMMA = YES;
				CLANG_WARN_CONSTANT_CONVERSION = YES;
				CLANG_WARN_DEPRECATED_OBJC_IMPLEMENTATIONS = YES;
				CLANG_WARN_DIRECT_OBJC_ISA_USAGE = YES_ERROR;
				CLANG_WARN_DOCUMENTATION_COMMENTS = YES;
				CLANG_WARN_EMPTY_BODY = YES;
				CLANG_WARN_ENUM_CONVERSION = YES;
				CLANG_WARN_INFINITE_RECURSION = YES;
				CLANG_WARN_INT_CONVERSION = YES;
				CLANG_WARN_NON_LITERAL_NULL_CONVERSION = YES;
				CLANG_WARN_OBJC_IMPLICIT_RETAIN_SELF = YES;
				CLANG_WARN_OBJC_LITERAL_CONVERSION = YES;
				CLANG_WARN_OBJC_ROOT_CLASS = YES_ERROR;
				CLANG_WARN_QUOTED_INCLUDE_IN_FRAMEWORK_HEADER = YES;
				CLANG_WARN_RANGE_LOOP_ANALYSIS = YES;
				CLANG_WARN_STRICT_PROTOTYPES = YES;
				CLANG_WARN_SUSPICIOUS_MOVE = YES;
				CLANG_WARN_UNGUARDED_AVAILABILITY = YES_AGGRESSIVE;
				CLANG_WARN_UNREACHABLE_CODE = YES;
				CLANG_WARN__DUPLICATE_METHOD_MATCH = YES;
				CODE_SIGN_STYLE = Automatic;
				COPY_PHASE_STRIP = NO;
				DEBUG_INFORMATION_FORMAT = dwarf;
				DEVELOPER_TEAM = "";
				ENABLE_STRICT_OBJC_MSGSEND = YES;
				ENABLE_TESTABILITY = YES;
				ENABLE_USER_SCRIPT_SANDBOXING = NO;
				GCC_C_LANGUAGE_STANDARD = gnu11;
				GCC_DYNAMIC_NO_PIC = NO;
				GCC_NO_COMMON_BLOCKS = YES;
				GCC_OPTIMIZATION_LEVEL = 0;
				GCC_PREPROCESSOR_DEFINITIONS = (
					"$(inherited)",
					"DEBUG=1",
				);
				GCC_WARN_64_TO_32_BIT_CONVERSION = YES;
				GCC_WARN_ABOUT_RETURN_TYPE = YES_ERROR;
				GCC_WARN_UNDECLARED_SELECTOR = YES;
				GCC_WARN_UNINITIALIZED_AUTOS = YES_AGGRESSIVE;
				GCC_WARN_UNUSED_FUNCTION = YES;
				GCC_WARN_UNUSED_VARIABLE = YES;
				IPHONEOS_DEPLOYMENT_TARGET = 18.0;
				MTL_ENABLE_DEBUG_INFO = INCLUDE_SOURCE;
				MTL_FAST_MATH = YES;
				ONLY_ACTIVE_ARCH = YES;
				PRODUCT_NAME = "$(TARGET_NAME)";
				SDKROOT = iphoneos;
				SWIFT_ACTIVE_COMPILATION_CONDITIONS = DEBUG;
				SWIFT_OPTIMIZATION_LEVEL = "-Onone";
				SWIFT_VERSION = 5.9;
				TARGETED_DEVICE_FAMILY = 1;
			};
			name = Debug;
		};
		EE3F938FEFDFEB3DD61343B6 /* Debug */ = {
			isa = XCBuildConfiguration;
			buildSettings = {
				BUNDLE_LOADER = "$(TEST_HOST)";
				CURRENT_PROJECT_VERSION = 1;
				LD_RUNPATH_SEARCH_PATHS = (
					"$(inherited)",
					"@executable_path/Frameworks",
					"@loader_path/Frameworks",
				);
				MARKETING_VERSION = 0.0.3;
				PRODUCT_BUNDLE_IDENTIFIER = com.translator.app.tests;
				SDKROOT = iphoneos;
				TARGETED_DEVICE_FAMILY = "1,2";
				TEST_HOST = "$(BUILT_PRODUCTS_DIR)/TranslatorApp.app/TranslatorApp";
			};
			name = Debug;
		};
		F5E3BC61503B70F15F398B4A /* Release */ = {
			isa = XCBuildConfiguration;
			buildSettings = {
				BUNDLE_LOADER = "$(TEST_HOST)";
				CURRENT_PROJECT_VERSION = 1;
				LD_RUNPATH_SEARCH_PATHS = (
					"$(inherited)",
					"@executable_path/Frameworks",
					"@loader_path/Frameworks",
				);
				MARKETING_VERSION = 0.0.3;
				PRODUCT_BUNDLE_IDENTIFIER = com.translator.app.tests;
				SDKROOT = iphoneos;
				TARGETED_DEVICE_FAMILY = "1,2";
				TEST_HOST = "$(BUILT_PRODUCTS_DIR)/TranslatorApp.app/TranslatorApp";
			};
			name = Release;
		};
/* End XCBuildConfiguration section */

/* Begin XCConfigurationList section */
		30D7BC3BE2A7B34F81C1BB1D /* Build configuration list for PBXNativeTarget "TranslatorAppTests" */ = {
			isa = XCConfigurationList;
			buildConfigurations = (
				EE3F938FEFDFEB3DD61343B6 /* Debug */,
				F5E3BC61503B70F15F398B4A /* Release */,
			);
			defaultConfigurationIsVisible = 0;
			defaultConfigurationName = Debug;
		};
		656D2FAE025AE16CB7958C61 /* Build configuration list for PBXProject "TranslatorApp" */ = {
			isa = XCConfigurationList;
			buildConfigurations = (
				C726C4FC679A244F0643AF64 /* Debug */,
				34CDAF4E5B2D8511A07CD9B5 /* Release */,
			);
			defaultConfigurationIsVisible = 0;
			defaultConfigurationName = Debug;
		};
		6585F4733F32BC74485CBD49 /* Build configuration list for PBXNativeTarget "TranslatorApp" */ = {
			isa = XCConfigurationList;
			buildConfigurations = (
				B07C942E0F483554DEF675AC /* Debug */,
				B5EA4E33D30E8C30BC1A4F4C /* Release */,
			);
			defaultConfigurationIsVisible = 0;
			defaultConfigurationName = Debug;
		};
		65991C632D101B03F5C76D69 /* Build configuration list for PBXNativeTarget "TranslatorWidget" */ = {
			isa = XCConfigurationList;
			buildConfigurations = (
				5A89B9C2249A467801F72A75 /* Debug */,
				344833AA9A17EB0C611038A2 /* Release */,
			);
			defaultConfigurationIsVisible = 0;
			defaultConfigurationName = Debug;
		};
/* End XCConfigurationList section */

/* Begin XCRemoteSwiftPackageReference section */
		7C836180613EA8A688E2E9F7 /* XCRemoteSwiftPackageReference "WhisperKit" */ = {
			isa = XCRemoteSwiftPackageReference;
			repositoryURL = "https://github.com/argmaxinc/WhisperKit.git";
			requirement = {
				kind = upToNextMajorVersion;
				minimumVersion = 0.9.4;
			};
		};
/* End XCRemoteSwiftPackageReference section */

/* Begin XCSwiftPackageProductDependency section */
		45D750F02BE787EC0C81034A /* WhisperKit */ = {
			isa = XCSwiftPackageProductDependency;
			package = 7C836180613EA8A688E2E9F7 /* XCRemoteSwiftPackageReference "WhisperKit" */;
			productName = WhisperKit;
		};
/* End XCSwiftPackageProductDependency section */
	};
	rootObject = E49A51EE66A4ABA6AA7603AB /* Project object */;
}
